// !$*UTF8*$!
{
	archiveVersion = 1;
	classes = {
	};
	objectVersion = 56;
	objects = {

/* Begin PBXBuildFile section */
		921143072B1CC49D00116615 /* OrderView.swift in Sources */ = {isa = PBXBuildFile; fileRef = 921143062B1CC49D00116615 /* OrderView.swift */; };
		921143092B1CC4C700116615 /* OrderViewController.swift in Sources */ = {isa = PBXBuildFile; fileRef = 921143082B1CC4C700116615 /* OrderViewController.swift */; };
		9211430E2B1CC9A600116615 /* OrderCell.swift in Sources */ = {isa = PBXBuildFile; fileRef = 9211430D2B1CC9A600116615 /* OrderCell.swift */; };
		921C32902B56ACCC00F5419C /* AccountView.swift in Sources */ = {isa = PBXBuildFile; fileRef = 921C328F2B56ACCC00F5419C /* AccountView.swift */; };
		921C32922B56B16E00F5419C /* AccountViewController.swift in Sources */ = {isa = PBXBuildFile; fileRef = 921C32912B56B16E00F5419C /* AccountViewController.swift */; };
		921E39C42B1BA4A5002F22A5 /* AppDelegate.swift in Sources */ = {isa = PBXBuildFile; fileRef = 921E39C32B1BA4A5002F22A5 /* AppDelegate.swift */; };
		921E39C62B1BA4A5002F22A5 /* SceneDelegate.swift in Sources */ = {isa = PBXBuildFile; fileRef = 921E39C52B1BA4A5002F22A5 /* SceneDelegate.swift */; };
		921E39C82B1BA4A5002F22A5 /* AppetizerTabBar.swift in Sources */ = {isa = PBXBuildFile; fileRef = 921E39C72B1BA4A5002F22A5 /* AppetizerTabBar.swift */; };
		921E39CD2B1BA4A6002F22A5 /* Assets.xcassets in Resources */ = {isa = PBXBuildFile; fileRef = 921E39CC2B1BA4A6002F22A5 /* Assets.xcassets */; };
		921E39D02B1BA4A6002F22A5 /* LaunchScreen.storyboard in Resources */ = {isa = PBXBuildFile; fileRef = 921E39CE2B1BA4A6002F22A5 /* LaunchScreen.storyboard */; };
		921E39D92B1BB0E9002F22A5 /* AppetizerViewController.swift in Sources */ = {isa = PBXBuildFile; fileRef = 921E39D82B1BB0E9002F22A5 /* AppetizerViewController.swift */; };
		921E39DB2B1BC387002F22A5 /* Service.swift in Sources */ = {isa = PBXBuildFile; fileRef = 921E39DA2B1BC387002F22A5 /* Service.swift */; };
		921E39DD2B1BC545002F22A5 /* AppetizerView.swift in Sources */ = {isa = PBXBuildFile; fileRef = 921E39DC2B1BC545002F22A5 /* AppetizerView.swift */; };
		921E39DF2B1BC808002F22A5 /* AppetizerCell.swift in Sources */ = {isa = PBXBuildFile; fileRef = 921E39DE2B1BC808002F22A5 /* AppetizerCell.swift */; };
		921E39E12B1BCB76002F22A5 /* Components.swift in Sources */ = {isa = PBXBuildFile; fileRef = 921E39E02B1BCB76002F22A5 /* Components.swift */; };
		921E39E32B1BD446002F22A5 /* Appetizer.swift in Sources */ = {isa = PBXBuildFile; fileRef = 921E39E22B1BD446002F22A5 /* Appetizer.swift */; };
		921E39E62B1BD938002F22A5 /* SDWebImage in Frameworks */ = {isa = PBXBuildFile; productRef = 921E39E52B1BD938002F22A5 /* SDWebImage */; };
		921E39E82B1BDDCF002F22A5 /* AppetizerDetailView.swift in Sources */ = {isa = PBXBuildFile; fileRef = 921E39E72B1BDDCF002F22A5 /* AppetizerDetailView.swift */; };
		921E39EA2B1BE3A6002F22A5 /* AppetizerDetailViewController.swift in Sources */ = {isa = PBXBuildFile; fileRef = 921E39E92B1BE3A6002F22A5 /* AppetizerDetailViewController.swift */; };
		92298A822B5A06C50074BB83 /* AppetizerViewModel.swift in Sources */ = {isa = PBXBuildFile; fileRef = 92298A812B5A06C50074BB83 /* AppetizerViewModel.swift */; };
		92298A842B5A07A80074BB83 /* Bindable.swift in Sources */ = {isa = PBXBuildFile; fileRef = 92298A832B5A07A80074BB83 /* Bindable.swift */; };
		928870B62B61B5F20062D89D /* AccountViewModel.swift in Sources */ = {isa = PBXBuildFile; fileRef = 928870B52B61B5F20062D89D /* AccountViewModel.swift */; };
		929565062B5AD46800E3953F /* AppetizerDetailViewModel.swift in Sources */ = {isa = PBXBuildFile; fileRef = 929565052B5AD46800E3953F /* AppetizerDetailViewModel.swift */; };
		92B1EF682B62D2A500D72DC1 /* Toast.swift in Sources */ = {isa = PBXBuildFile; fileRef = 92B1EF672B62D2A500D72DC1 /* Toast.swift */; };
		92C2FD592B5F1AF900AE2900 /* OrderViewModel.swift in Sources */ = {isa = PBXBuildFile; fileRef = 92C2FD582B5F1AF900AE2900 /* OrderViewModel.swift */; };
		92D8836C2B583EA800BB2285 /* Extensions.swift in Sources */ = {isa = PBXBuildFile; fileRef = 92D8836B2B583EA800BB2285 /* Extensions.swift */; };
/* End PBXBuildFile section */

/* Begin PBXFileReference section */
		921143062B1CC49D00116615 /* OrderView.swift */ = {isa = PBXFileReference; lastKnownFileType = sourcecode.swift; path = OrderView.swift; sourceTree = "<group>"; };
		921143082B1CC4C700116615 /* OrderViewController.swift */ = {isa = PBXFileReference; lastKnownFileType = sourcecode.swift; path = OrderViewController.swift; sourceTree = "<group>"; };
		9211430D2B1CC9A600116615 /* OrderCell.swift */ = {isa = PBXFileReference; lastKnownFileType = sourcecode.swift; path = OrderCell.swift; sourceTree = "<group>"; };
		921C328F2B56ACCC00F5419C /* AccountView.swift */ = {isa = PBXFileReference; lastKnownFileType = sourcecode.swift; path = AccountView.swift; sourceTree = "<group>"; };
		921C32912B56B16E00F5419C /* AccountViewController.swift */ = {isa = PBXFileReference; lastKnownFileType = sourcecode.swift; path = AccountViewController.swift; sourceTree = "<group>"; };
		921E39C02B1BA4A5002F22A5 /* Appetizers.app */ = {isa = PBXFileReference; explicitFileType = wrapper.application; includeInIndex = 0; path = Appetizers.app; sourceTree = BUILT_PRODUCTS_DIR; };
		921E39C32B1BA4A5002F22A5 /* AppDelegate.swift */ = {isa = PBXFileReference; lastKnownFileType = sourcecode.swift; path = AppDelegate.swift; sourceTree = "<group>"; };
		921E39C52B1BA4A5002F22A5 /* SceneDelegate.swift */ = {isa = PBXFileReference; lastKnownFileType = sourcecode.swift; path = SceneDelegate.swift; sourceTree = "<group>"; };
		921E39C72B1BA4A5002F22A5 /* AppetizerTabBar.swift */ = {isa = PBXFileReference; lastKnownFileType = sourcecode.swift; path = AppetizerTabBar.swift; sourceTree = "<group>"; };
		921E39CC2B1BA4A6002F22A5 /* Assets.xcassets */ = {isa = PBXFileReference; lastKnownFileType = folder.assetcatalog; path = Assets.xcassets; sourceTree = "<group>"; };
		921E39CF2B1BA4A6002F22A5 /* Base */ = {isa = PBXFileReference; lastKnownFileType = file.storyboard; name = Base; path = Base.lproj/LaunchScreen.storyboard; sourceTree = "<group>"; };
		921E39D12B1BA4A6002F22A5 /* Info.plist */ = {isa = PBXFileReference; lastKnownFileType = text.plist.xml; path = Info.plist; sourceTree = "<group>"; };
		921E39D82B1BB0E9002F22A5 /* AppetizerViewController.swift */ = {isa = PBXFileReference; lastKnownFileType = sourcecode.swift; path = AppetizerViewController.swift; sourceTree = "<group>"; };
		921E39DA2B1BC387002F22A5 /* Service.swift */ = {isa = PBXFileReference; lastKnownFileType = sourcecode.swift; path = Service.swift; sourceTree = "<group>"; };
		921E39DC2B1BC545002F22A5 /* AppetizerView.swift */ = {isa = PBXFileReference; lastKnownFileType = sourcecode.swift; path = AppetizerView.swift; sourceTree = "<group>"; };
		921E39DE2B1BC808002F22A5 /* AppetizerCell.swift */ = {isa = PBXFileReference; lastKnownFileType = sourcecode.swift; path = AppetizerCell.swift; sourceTree = "<group>"; };
		921E39E02B1BCB76002F22A5 /* Components.swift */ = {isa = PBXFileReference; lastKnownFileType = sourcecode.swift; path = Components.swift; sourceTree = "<group>"; };
		921E39E22B1BD446002F22A5 /* Appetizer.swift */ = {isa = PBXFileReference; lastKnownFileType = sourcecode.swift; path = Appetizer.swift; sourceTree = "<group>"; };
		921E39E72B1BDDCF002F22A5 /* AppetizerDetailView.swift */ = {isa = PBXFileReference; lastKnownFileType = sourcecode.swift; path = AppetizerDetailView.swift; sourceTree = "<group>"; };
		921E39E92B1BE3A6002F22A5 /* AppetizerDetailViewController.swift */ = {isa = PBXFileReference; lastKnownFileType = sourcecode.swift; path = AppetizerDetailViewController.swift; sourceTree = "<group>"; };
		92298A812B5A06C50074BB83 /* AppetizerViewModel.swift */ = {isa = PBXFileReference; lastKnownFileType = sourcecode.swift; path = AppetizerViewModel.swift; sourceTree = "<group>"; };
		92298A832B5A07A80074BB83 /* Bindable.swift */ = {isa = PBXFileReference; lastKnownFileType = sourcecode.swift; path = Bindable.swift; sourceTree = "<group>"; };
		928870B52B61B5F20062D89D /* AccountViewModel.swift */ = {isa = PBXFileReference; lastKnownFileType = sourcecode.swift; path = AccountViewModel.swift; sourceTree = "<group>"; };
		929565052B5AD46800E3953F /* AppetizerDetailViewModel.swift */ = {isa = PBXFileReference; lastKnownFileType = sourcecode.swift; path = AppetizerDetailViewModel.swift; sourceTree = "<group>"; };
		92B1EF672B62D2A500D72DC1 /* Toast.swift */ = {isa = PBXFileReference; lastKnownFileType = sourcecode.swift; path = Toast.swift; sourceTree = "<group>"; };
		92C2FD582B5F1AF900AE2900 /* OrderViewModel.swift */ = {isa = PBXFileReference; lastKnownFileType = sourcecode.swift; path = OrderViewModel.swift; sourceTree = "<group>"; };
		92D8836B2B583EA800BB2285 /* Extensions.swift */ = {isa = PBXFileReference; lastKnownFileType = sourcecode.swift; path = Extensions.swift; sourceTree = "<group>"; };
/* End PBXFileReference section */

/* Begin PBXFrameworksBuildPhase section */
		921E39BD2B1BA4A5002F22A5 /* Frameworks */ = {
			isa = PBXFrameworksBuildPhase;
			buildActionMask = 2147483647;
			files = (
				921E39E62B1BD938002F22A5 /* SDWebImage in Frameworks */,
			);
			runOnlyForDeploymentPostprocessing = 0;
		};
/* End PBXFrameworksBuildPhase section */

/* Begin PBXGroup section */
		921143022B1CC2DF00116615 /* Model */ = {
			isa = PBXGroup;
			children = (
				921E39E22B1BD446002F22A5 /* Appetizer.swift */,
			);
			path = Model;
			sourceTree = "<group>";
		};
		921143052B1CC46000116615 /* Utils */ = {
			isa = PBXGroup;
			children = (
				921E39E02B1BCB76002F22A5 /* Components.swift */,
				92D8836B2B583EA800BB2285 /* Extensions.swift */,
				92298A832B5A07A80074BB83 /* Bindable.swift */,
				92B1EF672B62D2A500D72DC1 /* Toast.swift */,
			);
			path = Utils;
			sourceTree = "<group>";
		};
		9211430A2B1CC59B00116615 /* Screens */ = {
			isa = PBXGroup;
			children = (
				92298A852B5A1A490074BB83 /* Home */,
				921C328C2B56AC7700F5419C /* Account */,
				9211430C2B1CC76B00116615 /* OrderTableView */,
			);
			path = Screens;
			sourceTree = "<group>";
		};
		9211430B2B1CC5A200116615 /* AppetizerTableView */ = {
			isa = PBXGroup;
			children = (
				9249F7D62B3770C8004C0C54 /* Controller */,
				9249F7D72B3770CC004C0C54 /* Views */,
				92298A802B5A06A70074BB83 /* ViewModel */,
			);
			path = AppetizerTableView;
			sourceTree = "<group>";
		};
		9211430C2B1CC76B00116615 /* OrderTableView */ = {
			isa = PBXGroup;
			children = (
				9249F7D82B3770E2004C0C54 /* Controller */,
				9249F7D92B3770E3004C0C54 /* Views */,
				92C2FD5A2B5F1AFE00AE2900 /* ViewModel */,
			);
			path = OrderTableView;
			sourceTree = "<group>";
		};
		921C328C2B56AC7700F5419C /* Account */ = {
			isa = PBXGroup;
			children = (
				921C328E2B56AC9E00F5419C /* Controller */,
				921C328D2B56AC9900F5419C /* View */,
				928870B42B61B5A90062D89D /* ViewModel */,
			);
			path = Account;
			sourceTree = "<group>";
		};
		921C328D2B56AC9900F5419C /* View */ = {
			isa = PBXGroup;
			children = (
				921C328F2B56ACCC00F5419C /* AccountView.swift */,
			);
			path = View;
			sourceTree = "<group>";
		};
		921C328E2B56AC9E00F5419C /* Controller */ = {
			isa = PBXGroup;
			children = (
				921C32912B56B16E00F5419C /* AccountViewController.swift */,
			);
			path = Controller;
			sourceTree = "<group>";
		};
		921E39B72B1BA4A5002F22A5 = {
			isa = PBXGroup;
			children = (
				921E39C22B1BA4A5002F22A5 /* Appetizers */,
				921E39C12B1BA4A5002F22A5 /* Products */,
			);
			sourceTree = "<group>";
		};
		921E39C12B1BA4A5002F22A5 /* Products */ = {
			isa = PBXGroup;
			children = (
				921E39C02B1BA4A5002F22A5 /* Appetizers.app */,
			);
			name = Products;
			sourceTree = "<group>";
		};
		921E39C22B1BA4A5002F22A5 /* Appetizers */ = {
			isa = PBXGroup;
			children = (
				9249F7D52B376ED7004C0C54 /* App */,
				921E39D72B1BA4C1002F22A5 /* Resources */,
				92D8836A2B58352F00BB2285 /* Network */,
				921143052B1CC46000116615 /* Utils */,
				921143022B1CC2DF00116615 /* Model */,
				9211430A2B1CC59B00116615 /* Screens */,
				921E39D12B1BA4A6002F22A5 /* Info.plist */,
			);
			path = Appetizers;
			sourceTree = "<group>";
		};
		921E39D72B1BA4C1002F22A5 /* Resources */ = {
			isa = PBXGroup;
			children = (
				921E39C32B1BA4A5002F22A5 /* AppDelegate.swift */,
				921E39C52B1BA4A5002F22A5 /* SceneDelegate.swift */,
				921E39CE2B1BA4A6002F22A5 /* LaunchScreen.storyboard */,
				921E39CC2B1BA4A6002F22A5 /* Assets.xcassets */,
			);
			path = Resources;
			sourceTree = "<group>";
		};
		92298A802B5A06A70074BB83 /* ViewModel */ = {
			isa = PBXGroup;
			children = (
				92298A812B5A06C50074BB83 /* AppetizerViewModel.swift */,
			);
			path = ViewModel;
			sourceTree = "<group>";
		};
		92298A852B5A1A490074BB83 /* Home */ = {
			isa = PBXGroup;
			children = (
				9211430B2B1CC5A200116615 /* AppetizerTableView */,
				92298A862B5A1A5C0074BB83 /* AppetizerDetails */,
			);
			path = Home;
			sourceTree = "<group>";
		};
		92298A862B5A1A5C0074BB83 /* AppetizerDetails */ = {
			isa = PBXGroup;
			children = (
				92298A892B5A1A7F0074BB83 /* Controller */,
				92298A882B5A1A7F0074BB83 /* View */,
				92298A872B5A1A7D0074BB83 /* ViewModel */,
			);
			path = AppetizerDetails;
			sourceTree = "<group>";
		};
		92298A872B5A1A7D0074BB83 /* ViewModel */ = {
			isa = PBXGroup;
			children = (
				929565052B5AD46800E3953F /* AppetizerDetailViewModel.swift */,
			);
			path = ViewModel;
			sourceTree = "<group>";
		};
		92298A882B5A1A7F0074BB83 /* View */ = {
			isa = PBXGroup;
			children = (
				921E39E72B1BDDCF002F22A5 /* AppetizerDetailView.swift */,
			);
			path = View;
			sourceTree = "<group>";
		};
		92298A892B5A1A7F0074BB83 /* Controller */ = {
			isa = PBXGroup;
			children = (
				921E39E92B1BE3A6002F22A5 /* AppetizerDetailViewController.swift */,
			);
			path = Controller;
			sourceTree = "<group>";
		};
		9249F7D52B376ED7004C0C54 /* App */ = {
			isa = PBXGroup;
			children = (
				921E39C72B1BA4A5002F22A5 /* AppetizerTabBar.swift */,
			);
			path = App;
			sourceTree = "<group>";
		};
		9249F7D62B3770C8004C0C54 /* Controller */ = {
			isa = PBXGroup;
			children = (
				921E39D82B1BB0E9002F22A5 /* AppetizerViewController.swift */,
			);
			path = Controller;
			sourceTree = "<group>";
		};
		9249F7D72B3770CC004C0C54 /* Views */ = {
			isa = PBXGroup;
			children = (
				921E39DC2B1BC545002F22A5 /* AppetizerView.swift */,
				921E39DE2B1BC808002F22A5 /* AppetizerCell.swift */,
			);
			path = Views;
			sourceTree = "<group>";
		};
		9249F7D82B3770E2004C0C54 /* Controller */ = {
			isa = PBXGroup;
			children = (
				921143082B1CC4C700116615 /* OrderViewController.swift */,
			);
			path = Controller;
			sourceTree = "<group>";
		};
		9249F7D92B3770E3004C0C54 /* Views */ = {
			isa = PBXGroup;
			children = (
				921143062B1CC49D00116615 /* OrderView.swift */,
				9211430D2B1CC9A600116615 /* OrderCell.swift */,
			);
			path = Views;
			sourceTree = "<group>";
		};
		928870B42B61B5A90062D89D /* ViewModel */ = {
			isa = PBXGroup;
			children = (
				928870B52B61B5F20062D89D /* AccountViewModel.swift */,
			);
			path = ViewModel;
			sourceTree = "<group>";
		};
		92C2FD5A2B5F1AFE00AE2900 /* ViewModel */ = {
			isa = PBXGroup;
			children = (
				92C2FD582B5F1AF900AE2900 /* OrderViewModel.swift */,
			);
			path = ViewModel;
			sourceTree = "<group>";
		};
		92D8836A2B58352F00BB2285 /* Network */ = {
			isa = PBXGroup;
			children = (
				921E39DA2B1BC387002F22A5 /* Service.swift */,
			);
			path = Network;
			sourceTree = "<group>";
		};
/* End PBXGroup section */

/* Begin PBXNativeTarget section */
		921E39BF2B1BA4A5002F22A5 /* Appetizers */ = {
			isa = PBXNativeTarget;
			buildConfigurationList = 921E39D42B1BA4A6002F22A5 /* Build configuration list for PBXNativeTarget "Appetizers" */;
			buildPhases = (
				921E39BC2B1BA4A5002F22A5 /* Sources */,
				921E39BD2B1BA4A5002F22A5 /* Frameworks */,
				921E39BE2B1BA4A5002F22A5 /* Resources */,
			);
			buildRules = (
			);
			dependencies = (
			);
			name = Appetizers;
			packageProductDependencies = (
				921E39E52B1BD938002F22A5 /* SDWebImage */,
			);
			productName = Appetizers;
			productReference = 921E39C02B1BA4A5002F22A5 /* Appetizers.app */;
			productType = "com.apple.product-type.application";
		};
/* End PBXNativeTarget section */

/* Begin PBXProject section */
		921E39B82B1BA4A5002F22A5 /* Project object */ = {
			isa = PBXProject;
			attributes = {
				BuildIndependentTargetsInParallel = 1;
				LastSwiftUpdateCheck = 1500;
				LastUpgradeCheck = 1500;
				TargetAttributes = {
					921E39BF2B1BA4A5002F22A5 = {
						CreatedOnToolsVersion = 15.0.1;
					};
				};
			};
			buildConfigurationList = 921E39BB2B1BA4A5002F22A5 /* Build configuration list for PBXProject "Appetizers" */;
			compatibilityVersion = "Xcode 14.0";
			developmentRegion = en;
			hasScannedForEncodings = 0;
			knownRegions = (
				en,
				Base,
			);
			mainGroup = 921E39B72B1BA4A5002F22A5;
			packageReferences = (
				921E39E42B1BD938002F22A5 /* XCRemoteSwiftPackageReference "SDWebImage" */,
			);
			productRefGroup = 921E39C12B1BA4A5002F22A5 /* Products */;
			projectDirPath = "";
			projectRoot = "";
			targets = (
				921E39BF2B1BA4A5002F22A5 /* Appetizers */,
			);
		};
/* End PBXProject section */

/* Begin PBXResourcesBuildPhase section */
		921E39BE2B1BA4A5002F22A5 /* Resources */ = {
			isa = PBXResourcesBuildPhase;
			buildActionMask = 2147483647;
			files = (
				921E39D02B1BA4A6002F22A5 /* LaunchScreen.storyboard in Resources */,
				921E39CD2B1BA4A6002F22A5 /* Assets.xcassets in Resources */,
			);
			runOnlyForDeploymentPostprocessing = 0;
		};
/* End PBXResourcesBuildPhase section */

/* Begin PBXSourcesBuildPhase section */
		921E39BC2B1BA4A5002F22A5 /* Sources */ = {
			isa = PBXSourcesBuildPhase;
			buildActionMask = 2147483647;
			files = (
				921E39E82B1BDDCF002F22A5 /* AppetizerDetailView.swift in Sources */,
				92B1EF682B62D2A500D72DC1 /* Toast.swift in Sources */,
				92C2FD592B5F1AF900AE2900 /* OrderViewModel.swift in Sources */,
				92D8836C2B583EA800BB2285 /* Extensions.swift in Sources */,
				921E39E12B1BCB76002F22A5 /* Components.swift in Sources */,
				92298A822B5A06C50074BB83 /* AppetizerViewModel.swift in Sources */,
				921C32902B56ACCC00F5419C /* AccountView.swift in Sources */,
				921E39DD2B1BC545002F22A5 /* AppetizerView.swift in Sources */,
				929565062B5AD46800E3953F /* AppetizerDetailViewModel.swift in Sources */,
				921143092B1CC4C700116615 /* OrderViewController.swift in Sources */,
				921E39C82B1BA4A5002F22A5 /* AppetizerTabBar.swift in Sources */,
				921E39C42B1BA4A5002F22A5 /* AppDelegate.swift in Sources */,
				928870B62B61B5F20062D89D /* AccountViewModel.swift in Sources */,
				921E39DB2B1BC387002F22A5 /* Service.swift in Sources */,
				92298A842B5A07A80074BB83 /* Bindable.swift in Sources */,
				921C32922B56B16E00F5419C /* AccountViewController.swift in Sources */,
				9211430E2B1CC9A600116615 /* OrderCell.swift in Sources */,
				921E39DF2B1BC808002F22A5 /* AppetizerCell.swift in Sources */,
				921E39E32B1BD446002F22A5 /* Appetizer.swift in Sources */,
				921E39C62B1BA4A5002F22A5 /* SceneDelegate.swift in Sources */,
				921E39D92B1BB0E9002F22A5 /* AppetizerViewController.swift in Sources */,
				921E39EA2B1BE3A6002F22A5 /* AppetizerDetailViewController.swift in Sources */,
				921143072B1CC49D00116615 /* OrderView.swift in Sources */,
			);
			runOnlyForDeploymentPostprocessing = 0;
		};
/* End PBXSourcesBuildPhase section */

/* Begin PBXVariantGroup section */
		921E39CE2B1BA4A6002F22A5 /* LaunchScreen.storyboard */ = {
			isa = PBXVariantGroup;
			children = (
				921E39CF2B1BA4A6002F22A5 /* Base */,
			);
			name = LaunchScreen.storyboard;
			sourceTree = "<group>";
		};
/* End PBXVariantGroup section */

/* Begin XCBuildConfiguration section */
		921E39D22B1BA4A6002F22A5 /* Debug */ = {
			isa = XCBuildConfiguration;
			buildSettings = {
				ALWAYS_SEARCH_USER_PATHS = NO;
				ASSETCATALOG_COMPILER_GENERATE_SWIFT_ASSET_SYMBOL_EXTENSIONS = YES;
				CLANG_ANALYZER_NONNULL = YES;
				CLANG_ANALYZER_NUMBER_OBJECT_CONVERSION = YES_AGGRESSIVE;
				CLANG_CXX_LANGUAGE_STANDARD = "gnu++20";
				CLANG_ENABLE_MODULES = YES;
				CLANG_ENABLE_OBJC_ARC = YES;
				CLANG_ENABLE_OBJC_WEAK = YES;
				CLANG_WARN_BLOCK_CAPTURE_AUTORELEASING = YES;
				CLANG_WARN_BOOL_CONVERSION = YES;
				CLANG_WARN_COMMA = YES;
				CLANG_WARN_CONSTANT_CONVERSION = YES;
				CLANG_WARN_DEPRECATED_OBJC_IMPLEMENTATIONS = YES;
				CLANG_WARN_DIRECT_OBJC_ISA_USAGE = YES_ERROR;
				CLANG_WARN_DOCUMENTATION_COMMENTS = YES;
				CLANG_WARN_EMPTY_BODY = YES;
				CLANG_WARN_ENUM_CONVERSION = YES;
				CLANG_WARN_INFINITE_RECURSION = YES;
				CLANG_WARN_INT_CONVERSION = YES;
				CLANG_WARN_NON_LITERAL_NULL_CONVERSION = YES;
				CLANG_WARN_OBJC_IMPLICIT_RETAIN_SELF = YES;
				CLANG_WARN_OBJC_LITERAL_CONVERSION = YES;
				CLANG_WARN_OBJC_ROOT_CLASS = YES_ERROR;
				CLANG_WARN_QUOTED_INCLUDE_IN_FRAMEWORK_HEADER = YES;
				CLANG_WARN_RANGE_LOOP_ANALYSIS = YES;
				CLANG_WARN_STRICT_PROTOTYPES = YES;
				CLANG_WARN_SUSPICIOUS_MOVE = YES;
				CLANG_WARN_UNGUARDED_AVAILABILITY = YES_AGGRESSIVE;
				CLANG_WARN_UNREACHABLE_CODE = YES;
				CLANG_WARN__DUPLICATE_METHOD_MATCH = YES;
				COPY_PHASE_STRIP = NO;
				DEBUG_INFORMATION_FORMAT = dwarf;
				ENABLE_STRICT_OBJC_MSGSEND = YES;
				ENABLE_TESTABILITY = YES;
				ENABLE_USER_SCRIPT_SANDBOXING = YES;
				GCC_C_LANGUAGE_STANDARD = gnu17;
				GCC_DYNAMIC_NO_PIC = NO;
				GCC_NO_COMMON_BLOCKS = YES;
				GCC_OPTIMIZATION_LEVEL = 0;
				GCC_PREPROCESSOR_DEFINITIONS = (
					"DEBUG=1",
					"$(inherited)",
				);
				GCC_WARN_64_TO_32_BIT_CONVERSION = YES;
				GCC_WARN_ABOUT_RETURN_TYPE = YES_ERROR;
				GCC_WARN_UNDECLARED_SELECTOR = YES;
				GCC_WARN_UNINITIALIZED_AUTOS = YES_AGGRESSIVE;
				GCC_WARN_UNUSED_FUNCTION = YES;
				GCC_WARN_UNUSED_VARIABLE = YES;
				IPHONEOS_DEPLOYMENT_TARGET = 17.0;
				LOCALIZATION_PREFERS_STRING_CATALOGS = YES;
				MTL_ENABLE_DEBUG_INFO = INCLUDE_SOURCE;
				MTL_FAST_MATH = YES;
				ONLY_ACTIVE_ARCH = YES;
				SDKROOT = iphoneos;
				SWIFT_ACTIVE_COMPILATION_CONDITIONS = "DEBUG $(inherited)";
				SWIFT_OPTIMIZATION_LEVEL = "-Onone";
			};
			name = Debug;
		};
		921E39D32B1BA4A6002F22A5 /* Release */ = {
			isa = XCBuildConfiguration;
			buildSettings = {
				ALWAYS_SEARCH_USER_PATHS = NO;
				ASSETCATALOG_COMPILER_GENERATE_SWIFT_ASSET_SYMBOL_EXTENSIONS = YES;
				CLANG_ANALYZER_NONNULL = YES;
				CLANG_ANALYZER_NUMBER_OBJECT_CONVERSION = YES_AGGRESSIVE;
				CLANG_CXX_LANGUAGE_STANDARD = "gnu++20";
				CLANG_ENABLE_MODULES = YES;
				CLANG_ENABLE_OBJC_ARC = YES;
				CLANG_ENABLE_OBJC_WEAK = YES;
				CLANG_WARN_BLOCK_CAPTURE_AUTORELEASING = YES;
				CLANG_WARN_BOOL_CONVERSION = YES;
				CLANG_WARN_COMMA = YES;
				CLANG_WARN_CONSTANT_CONVERSION = YES;
				CLANG_WARN_DEPRECATED_OBJC_IMPLEMENTATIONS = YES;
				CLANG_WARN_DIRECT_OBJC_ISA_USAGE = YES_ERROR;
				CLANG_WARN_DOCUMENTATION_COMMENTS = YES;
				CLANG_WARN_EMPTY_BODY = YES;
				CLANG_WARN_ENUM_CONVERSION = YES;
				CLANG_WARN_INFINITE_RECURSION = YES;
				CLANG_WARN_INT_CONVERSION = YES;
				CLANG_WARN_NON_LITERAL_NULL_CONVERSION = YES;
				CLANG_WARN_OBJC_IMPLICIT_RETAIN_SELF = YES;
				CLANG_WARN_OBJC_LITERAL_CONVERSION = YES;
				CLANG_WARN_OBJC_ROOT_CLASS = YES_ERROR;
				CLANG_WARN_QUOTED_INCLUDE_IN_FRAMEWORK_HEADER = YES;
				CLANG_WARN_RANGE_LOOP_ANALYSIS = YES;
				CLANG_WARN_STRICT_PROTOTYPES = YES;
				CLANG_WARN_SUSPICIOUS_MOVE = YES;
				CLANG_WARN_UNGUARDED_AVAILABILITY = YES_AGGRESSIVE;
				CLANG_WARN_UNREACHABLE_CODE = YES;
				CLANG_WARN__DUPLICATE_METHOD_MATCH = YES;
				COPY_PHASE_STRIP = NO;
				DEBUG_INFORMATION_FORMAT = "dwarf-with-dsym";
				ENABLE_NS_ASSERTIONS = NO;
				ENABLE_STRICT_OBJC_MSGSEND = YES;
				ENABLE_USER_SCRIPT_SANDBOXING = YES;
				GCC_C_LANGUAGE_STANDARD = gnu17;
				GCC_NO_COMMON_BLOCKS = YES;
				GCC_WARN_64_TO_32_BIT_CONVERSION = YES;
				GCC_WARN_ABOUT_RETURN_TYPE = YES_ERROR;
				GCC_WARN_UNDECLARED_SELECTOR = YES;
				GCC_WARN_UNINITIALIZED_AUTOS = YES_AGGRESSIVE;
				GCC_WARN_UNUSED_FUNCTION = YES;
				GCC_WARN_UNUSED_VARIABLE = YES;
				IPHONEOS_DEPLOYMENT_TARGET = 17.0;
				LOCALIZATION_PREFERS_STRING_CATALOGS = YES;
				MTL_ENABLE_DEBUG_INFO = NO;
				MTL_FAST_MATH = YES;
				SDKROOT = iphoneos;
				SWIFT_COMPILATION_MODE = wholemodule;
				VALIDATE_PRODUCT = YES;
			};
			name = Release;
		};
		921E39D52B1BA4A6002F22A5 /* Debug */ = {
			isa = XCBuildConfiguration;
			buildSettings = {
				ASSETCATALOG_COMPILER_APPICON_NAME = AppIcon;
				ASSETCATALOG_COMPILER_GLOBAL_ACCENT_COLOR_NAME = AccentColor;
				CODE_SIGN_STYLE = Automatic;
				CURRENT_PROJECT_VERSION = 1;
				DEVELOPMENT_TEAM = 57HYQW6DAG;
				GENERATE_INFOPLIST_FILE = YES;
				INFOPLIST_FILE = Appetizers/Info.plist;
				INFOPLIST_KEY_UIApplicationSupportsIndirectInputEvents = YES;
				INFOPLIST_KEY_UILaunchStoryboardName = LaunchScreen;
				INFOPLIST_KEY_UISupportedInterfaceOrientations = UIInterfaceOrientationPortrait;
				LD_RUNPATH_SEARCH_PATHS = (
					"$(inherited)",
					"@executable_path/Frameworks",
				);
				MARKETING_VERSION = 1.0;
				PRODUCT_BUNDLE_IDENTIFIER = com.diggosilva.Appetizers;
				PRODUCT_NAME = "$(TARGET_NAME)";
				SWIFT_EMIT_LOC_STRINGS = YES;
				SWIFT_VERSION = 5.0;
				TARGETED_DEVICE_FAMILY = "1,2";
			};
			name = Debug;
		};
		921E39D62B1BA4A6002F22A5 /* Release */ = {
			isa = XCBuildConfiguration;
			buildSettings = {
				ASSETCATALOG_COMPILER_APPICON_NAME = AppIcon;
				ASSETCATALOG_COMPILER_GLOBAL_ACCENT_COLOR_NAME = AccentColor;
				CODE_SIGN_STYLE = Automatic;
				CURRENT_PROJECT_VERSION = 1;
				DEVELOPMENT_TEAM = 57HYQW6DAG;
				GENERATE_INFOPLIST_FILE = YES;
				INFOPLIST_FILE = Appetizers/Info.plist;
				INFOPLIST_KEY_UIApplicationSupportsIndirectInputEvents = YES;
				INFOPLIST_KEY_UILaunchStoryboardName = LaunchScreen;
				INFOPLIST_KEY_UISupportedInterfaceOrientations = UIInterfaceOrientationPortrait;
				LD_RUNPATH_SEARCH_PATHS = (
					"$(inherited)",
					"@executable_path/Frameworks",
				);
				MARKETING_VERSION = 1.0;
				PRODUCT_BUNDLE_IDENTIFIER = com.diggosilva.Appetizers;
				PRODUCT_NAME = "$(TARGET_NAME)";
				SWIFT_EMIT_LOC_STRINGS = YES;
				SWIFT_VERSION = 5.0;
				TARGETED_DEVICE_FAMILY = "1,2";
			};
			name = Release;
		};
/* End XCBuildConfiguration section */

/* Begin XCConfigurationList section */
		921E39BB2B1BA4A5002F22A5 /* Build configuration list for PBXProject "Appetizers" */ = {
			isa = XCConfigurationList;
			buildConfigurations = (
				921E39D22B1BA4A6002F22A5 /* Debug */,
				921E39D32B1BA4A6002F22A5 /* Release */,
			);
			defaultConfigurationIsVisible = 0;
			defaultConfigurationName = Release;
		};
		921E39D42B1BA4A6002F22A5 /* Build configuration list for PBXNativeTarget "Appetizers" */ = {
			isa = XCConfigurationList;
			buildConfigurations = (
				921E39D52B1BA4A6002F22A5 /* Debug */,
				921E39D62B1BA4A6002F22A5 /* Release */,
			);
			defaultConfigurationIsVisible = 0;
			defaultConfigurationName = Release;
		};
/* End XCConfigurationList section */

/* Begin XCRemoteSwiftPackageReference section */
		921E39E42B1BD938002F22A5 /* XCRemoteSwiftPackageReference "SDWebImage" */ = {
			isa = XCRemoteSwiftPackageReference;
			repositoryURL = "https://github.com/SDWebImage/SDWebImage.git";
			requirement = {
				kind = upToNextMajorVersion;
				minimumVersion = 5.18.5;
			};
		};
/* End XCRemoteSwiftPackageReference section */

/* Begin XCSwiftPackageProductDependency section */
		921E39E52B1BD938002F22A5 /* SDWebImage */ = {
			isa = XCSwiftPackageProductDependency;
			package = 921E39E42B1BD938002F22A5 /* XCRemoteSwiftPackageReference "SDWebImage" */;
			productName = SDWebImage;
		};
/* End XCSwiftPackageProductDependency section */
	};
	rootObject = 921E39B82B1BA4A5002F22A5 /* Project object */;
}
